// !$*UTF8*$!
{
	archiveVersion = 1;
	classes = {
	};
	objectVersion = 55;
	objects = {

/* Begin PBXBuildFile section */
		0F082F2327FEC2EB0089A997 /* controls.swift in Sources */ = {isa = PBXBuildFile; fileRef = 0F082F2227FEC2EB0089A997 /* controls.swift */; };
		0F90810E27FFDE510078F504 /* strings.swift in Sources */ = {isa = PBXBuildFile; fileRef = 0F90810D27FFDE510078F504 /* strings.swift */; };
		0F90816C28016FD50078F504 /* optional.swift in Sources */ = {isa = PBXBuildFile; fileRef = 0F90816B28016FD50078F504 /* optional.swift */; };
		0FA3D30D2802A53C00110B01 /* array.swift in Sources */ = {isa = PBXBuildFile; fileRef = 0FA3D30C2802A53C00110B01 /* array.swift */; };
		0FEBB4DD27FC181600A50D93 /* var-const.swift in Sources */ = {isa = PBXBuildFile; fileRef = 0FEBB4DC27FC181600A50D93 /* var-const.swift */; };
		0FFEEE1627FD71E40027EAC8 /* operators.swift in Sources */ = {isa = PBXBuildFile; fileRef = 0FFEEE1527FD71E40027EAC8 /* operators.swift */; };
/* End PBXBuildFile section */

/* Begin PBXCopyFilesBuildPhase section */
		0FEBB4CD27FBE2E900A50D93 /* CopyFiles */ = {
			isa = PBXCopyFilesBuildPhase;
			buildActionMask = 2147483647;
			dstPath = /usr/share/man/man1/;
			dstSubfolderSpec = 0;
			files = (
			);
			runOnlyForDeploymentPostprocessing = 1;
		};
/* End PBXCopyFilesBuildPhase section */

/* Begin PBXFileReference section */
		0F082F2227FEC2EB0089A997 /* controls.swift */ = {isa = PBXFileReference; lastKnownFileType = sourcecode.swift; path = controls.swift; sourceTree = "<group>"; };
		0F90810D27FFDE510078F504 /* strings.swift */ = {isa = PBXFileReference; lastKnownFileType = sourcecode.swift; path = strings.swift; sourceTree = "<group>"; };
		0F90816B28016FD50078F504 /* optional.swift */ = {isa = PBXFileReference; lastKnownFileType = sourcecode.swift; path = optional.swift; sourceTree = "<group>"; };
		0FA3D30C2802A53C00110B01 /* array.swift */ = {isa = PBXFileReference; lastKnownFileType = sourcecode.swift; path = array.swift; sourceTree = "<group>"; };
		0FEBB4CF27FBE2E900A50D93 /* swift-learning */ = {isa = PBXFileReference; explicitFileType = "compiled.mach-o.executable"; includeInIndex = 0; path = "swift-learning"; sourceTree = BUILT_PRODUCTS_DIR; };
		0FEBB4DC27FC181600A50D93 /* var-const.swift */ = {isa = PBXFileReference; lastKnownFileType = sourcecode.swift; path = "var-const.swift"; sourceTree = "<group>"; };
		0FFEEE1527FD71E40027EAC8 /* operators.swift */ = {isa = PBXFileReference; lastKnownFileType = sourcecode.swift; path = operators.swift; sourceTree = "<group>"; };
/* End PBXFileReference section */

/* Begin PBXFrameworksBuildPhase section */
		0FEBB4CC27FBE2E900A50D93 /* Frameworks */ = {
			isa = PBXFrameworksBuildPhase;
			buildActionMask = 2147483647;
			files = (
			);
			runOnlyForDeploymentPostprocessing = 0;
		};
/* End PBXFrameworksBuildPhase section */

/* Begin PBXGroup section */
		0FEBB4C627FBE2E800A50D93 = {
			isa = PBXGroup;
			children = (
				0FA3D30C2802A53C00110B01 /* array.swift */,
				0F90816B28016FD50078F504 /* optional.swift */,
				0F90810D27FFDE510078F504 /* strings.swift */,
				0FFEEE1527FD71E40027EAC8 /* operators.swift */,
				0F082F2227FEC2EB0089A997 /* controls.swift */,
				0FEBB4DC27FC181600A50D93 /* var-const.swift */,
				0FEBB4D027FBE2E900A50D93 /* Products */,
			);
			sourceTree = "<group>";
		};
		0FEBB4D027FBE2E900A50D93 /* Products */ = {
			isa = PBXGroup;
			children = (
				0FEBB4CF27FBE2E900A50D93 /* swift-learning */,
			);
			name = Products;
			sourceTree = "<group>";
		};
/* End PBXGroup section */

/* Begin PBXNativeTarget section */
		0FEBB4CE27FBE2E900A50D93 /* swift-learning */ = {
			isa = PBXNativeTarget;
			buildConfigurationList = 0FEBB4D627FBE2E900A50D93 /* Build configuration list for PBXNativeTarget "swift-learning" */;
			buildPhases = (
				0FEBB4CB27FBE2E900A50D93 /* Sources */,
				0FEBB4CC27FBE2E900A50D93 /* Frameworks */,
				0FEBB4CD27FBE2E900A50D93 /* CopyFiles */,
			);
			buildRules = (
			);
			dependencies = (
			);
			name = "swift-learning";
			productName = "swift-learning";
			productReference = 0FEBB4CF27FBE2E900A50D93 /* swift-learning */;
			productType = "com.apple.product-type.tool";
		};
/* End PBXNativeTarget section */

/* Begin PBXProject section */
		0FEBB4C727FBE2E800A50D93 /* Project object */ = {
			isa = PBXProject;
			attributes = {
				BuildIndependentTargetsInParallel = 1;
				LastSwiftUpdateCheck = 1330;
				LastUpgradeCheck = 1330;
				TargetAttributes = {
					0FEBB4CE27FBE2E900A50D93 = {
						CreatedOnToolsVersion = 13.3;
						LastSwiftMigration = 1330;
					};
				};
			};
			buildConfigurationList = 0FEBB4CA27FBE2E800A50D93 /* Build configuration list for PBXProject "swift-learning" */;
			compatibilityVersion = "Xcode 13.0";
			developmentRegion = en;
			hasScannedForEncodings = 0;
			knownRegions = (
				en,
				Base,
			);
			mainGroup = 0FEBB4C627FBE2E800A50D93;
			productRefGroup = 0FEBB4D027FBE2E900A50D93 /* Products */;
			projectDirPath = "";
			projectRoot = "";
			targets = (
				0FEBB4CE27FBE2E900A50D93 /* swift-learning */,
			);
		};
/* End PBXProject section */

/* Begin PBXSourcesBuildPhase section */
		0FEBB4CB27FBE2E900A50D93 /* Sources */ = {
			isa = PBXSourcesBuildPhase;
			buildActionMask = 2147483647;
			files = (
				0F082F2327FEC2EB0089A997 /* controls.swift in Sources */,
				0FA3D30D2802A53C00110B01 /* array.swift in Sources */,
				0F90816C28016FD50078F504 /* optional.swift in Sources */,
				0FEBB4DD27FC181600A50D93 /* var-const.swift in Sources */,
				0F90810E27FFDE510078F504 /* strings.swift in Sources */,
				0FFEEE1627FD71E40027EAC8 /* operators.swift in Sources */,
			);
			runOnlyForDeploymentPostprocessing = 0;
		};
/* End PBXSourcesBuildPhase section */

/* Begin XCBuildConfiguration section */
		0FEBB4D427FBE2E900A50D93 /* Debug */ = {
			isa = XCBuildConfiguration;
			buildSettings = {
				ALWAYS_SEARCH_USER_PATHS = NO;
				CLANG_ANALYZER_NONNULL = YES;
				CLANG_ANALYZER_NUMBER_OBJECT_CONVERSION = YES_AGGRESSIVE;
				CLANG_CXX_LANGUAGE_STANDARD = "gnu++17";
				CLANG_ENABLE_MODULES = YES;
				CLANG_ENABLE_OBJC_ARC = YES;
				CLANG_ENABLE_OBJC_WEAK = YES;
				CLANG_WARN_BLOCK_CAPTURE_AUTORELEASING = YES;
				CLANG_WARN_BOOL_CONVERSION = YES;
				CLANG_WARN_COMMA = YES;
				CLANG_WARN_CONSTANT_CONVERSION = YES;
				CLANG_WARN_DEPRECATED_OBJC_IMPLEMENTATIONS = YES;
				CLANG_WARN_DIRECT_OBJC_ISA_USAGE = YES_ERROR;
				CLANG_WARN_DOCUMENTATION_COMMENTS = YES;
				CLANG_WARN_EMPTY_BODY = YES;
				CLANG_WARN_ENUM_CONVERSION = YES;
				CLANG_WARN_INFINITE_RECURSION = YES;
				CLANG_WARN_INT_CONVERSION = YES;
				CLANG_WARN_NON_LITERAL_NULL_CONVERSION = YES;
				CLANG_WARN_OBJC_IMPLICIT_RETAIN_SELF = YES;
				CLANG_WARN_OBJC_LITERAL_CONVERSION = YES;
				CLANG_WARN_OBJC_ROOT_CLASS = YES_ERROR;
				CLANG_WARN_QUOTED_INCLUDE_IN_FRAMEWORK_HEADER = YES;
				CLANG_WARN_RANGE_LOOP_ANALYSIS = YES;
				CLANG_WARN_STRICT_PROTOTYPES = YES;
				CLANG_WARN_SUSPICIOUS_MOVE = YES;
				CLANG_WARN_UNGUARDED_AVAILABILITY = YES_AGGRESSIVE;
				CLANG_WARN_UNREACHABLE_CODE = YES;
				CLANG_WARN__DUPLICATE_METHOD_MATCH = YES;
				COPY_PHASE_STRIP = NO;
				DEBUG_INFORMATION_FORMAT = dwarf;
				ENABLE_STRICT_OBJC_MSGSEND = YES;
				ENABLE_TESTABILITY = YES;
				GCC_C_LANGUAGE_STANDARD = gnu11;
				GCC_DYNAMIC_NO_PIC = NO;
				GCC_NO_COMMON_BLOCKS = YES;
				GCC_OPTIMIZATION_LEVEL = 0;
				GCC_PREPROCESSOR_DEFINITIONS = (
					"DEBUG=1",
					"$(inherited)",
				);
				GCC_WARN_64_TO_32_BIT_CONVERSION = YES;
				GCC_WARN_ABOUT_RETURN_TYPE = YES_ERROR;
				GCC_WARN_UNDECLARED_SELECTOR = YES;
				GCC_WARN_UNINITIALIZED_AUTOS = YES_AGGRESSIVE;
				GCC_WARN_UNUSED_FUNCTION = YES;
				GCC_WARN_UNUSED_VARIABLE = YES;
				MACOSX_DEPLOYMENT_TARGET = 12.2;
				MTL_ENABLE_DEBUG_INFO = INCLUDE_SOURCE;
				MTL_FAST_MATH = YES;
				ONLY_ACTIVE_ARCH = YES;
				SDKROOT = macosx;
				SWIFT_ACTIVE_COMPILATION_CONDITIONS = DEBUG;
				SWIFT_OPTIMIZATION_LEVEL = "-Onone";
			};
			name = Debug;
		};
		0FEBB4D527FBE2E900A50D93 /* Release */ = {
			isa = XCBuildConfiguration;
			buildSettings = {
				ALWAYS_SEARCH_USER_PATHS = NO;
				CLANG_ANALYZER_NONNULL = YES;
				CLANG_ANALYZER_NUMBER_OBJECT_CONVERSION = YES_AGGRESSIVE;
				CLANG_CXX_LANGUAGE_STANDARD = "gnu++17";
				CLANG_ENABLE_MODULES = YES;
				CLANG_ENABLE_OBJC_ARC = YES;
				CLANG_ENABLE_OBJC_WEAK = YES;
				CLANG_WARN_BLOCK_CAPTURE_AUTORELEASING = YES;
				CLANG_WARN_BOOL_CONVERSION = YES;
				CLANG_WARN_COMMA = YES;
				CLANG_WARN_CONSTANT_CONVERSION = YES;
				CLANG_WARN_DEPRECATED_OBJC_IMPLEMENTATIONS = YES;
				CLANG_WARN_DIRECT_OBJC_ISA_USAGE = YES_ERROR;
				CLANG_WARN_DOCUMENTATION_COMMENTS = YES;
				CLANG_WARN_EMPTY_BODY = YES;
				CLANG_WARN_ENUM_CONVERSION = YES;
				CLANG_WARN_INFINITE_RECURSION = YES;
				CLANG_WARN_INT_CONVERSION = YES;
				CLANG_WARN_NON_LITERAL_NULL_CONVERSION = YES;
				CLANG_WARN_OBJC_IMPLICIT_RETAIN_SELF = YES;
				CLANG_WARN_OBJC_LITERAL_CONVERSION = YES;
				CLANG_WARN_OBJC_ROOT_CLASS = YES_ERROR;
				CLANG_WARN_QUOTED_INCLUDE_IN_FRAMEWORK_HEADER = YES;
				CLANG_WARN_RANGE_LOOP_ANALYSIS = YES;
				CLANG_WARN_STRICT_PROTOTYPES = YES;
				CLANG_WARN_SUSPICIOUS_MOVE = YES;
				CLANG_WARN_UNGUARDED_AVAILABILITY = YES_AGGRESSIVE;
				CLANG_WARN_UNREACHABLE_CODE = YES;
				CLANG_WARN__DUPLICATE_METHOD_MATCH = YES;
				COPY_PHASE_STRIP = NO;
				DEBUG_INFORMATION_FORMAT = "dwarf-with-dsym";
				ENABLE_NS_ASSERTIONS = NO;
				ENABLE_STRICT_OBJC_MSGSEND = YES;
				GCC_C_LANGUAGE_STANDARD = gnu11;
				GCC_NO_COMMON_BLOCKS = YES;
				GCC_WARN_64_TO_32_BIT_CONVERSION = YES;
				GCC_WARN_ABOUT_RETURN_TYPE = YES_ERROR;
				GCC_WARN_UNDECLARED_SELECTOR = YES;
				GCC_WARN_UNINITIALIZED_AUTOS = YES_AGGRESSIVE;
				GCC_WARN_UNUSED_FUNCTION = YES;
				GCC_WARN_UNUSED_VARIABLE = YES;
				MACOSX_DEPLOYMENT_TARGET = 12.2;
				MTL_ENABLE_DEBUG_INFO = NO;
				MTL_FAST_MATH = YES;
				SDKROOT = macosx;
				SWIFT_COMPILATION_MODE = wholemodule;
				SWIFT_OPTIMIZATION_LEVEL = "-O";
			};
			name = Release;
		};
		0FEBB4D727FBE2E900A50D93 /* Debug */ = {
			isa = XCBuildConfiguration;
			buildSettings = {
				CLANG_ENABLE_MODULES = YES;
				CODE_SIGN_STYLE = Automatic;
				DEVELOPMENT_TEAM = 8FGFU2BT8C;
				ENABLE_HARDENED_RUNTIME = YES;
				LD_RUNPATH_SEARCH_PATHS = (
					"$(inherited)",
					"@executable_path/../Frameworks",
					"@loader_path/../Frameworks",
				);
				PRODUCT_NAME = "$(TARGET_NAME)";
				SWIFT_OPTIMIZATION_LEVEL = "-Onone";
				SWIFT_VERSION = 5.0;
			};
			name = Debug;
		};
		0FEBB4D827FBE2E900A50D93 /* Release */ = {
			isa = XCBuildConfiguration;
			buildSettings = {
				CLANG_ENABLE_MODULES = YES;
				CODE_SIGN_STYLE = Automatic;
				DEVELOPMENT_TEAM = 8FGFU2BT8C;
				ENABLE_HARDENED_RUNTIME = YES;
				LD_RUNPATH_SEARCH_PATHS = (
					"$(inherited)",
					"@executable_path/../Frameworks",
					"@loader_path/../Frameworks",
				);
				PRODUCT_NAME = "$(TARGET_NAME)";
				SWIFT_VERSION = 5.0;
			};
			name = Release;
		};
/* End XCBuildConfiguration section */

/* Begin XCConfigurationList section */
		0FEBB4CA27FBE2E800A50D93 /* Build configuration list for PBXProject "swift-learning" */ = {
			isa = XCConfigurationList;
			buildConfigurations = (
				0FEBB4D427FBE2E900A50D93 /* Debug */,
				0FEBB4D527FBE2E900A50D93 /* Release */,
			);
			defaultConfigurationIsVisible = 0;
			defaultConfigurationName = Release;
		};
		0FEBB4D627FBE2E900A50D93 /* Build configuration list for PBXNativeTarget "swift-learning" */ = {
			isa = XCConfigurationList;
			buildConfigurations = (
				0FEBB4D727FBE2E900A50D93 /* Debug */,
				0FEBB4D827FBE2E900A50D93 /* Release */,
			);
			defaultConfigurationIsVisible = 0;
			defaultConfigurationName = Release;
		};
/* End XCConfigurationList section */
	};
	rootObject = 0FEBB4C727FBE2E800A50D93 /* Project object */;
}
